
Microsoft Visual Studio Solution File, Format Version 12.00
# Visual Studio Version 16
VisualStudioVersion = 16.0.30804.86
MinimumVisualStudioVersion = 10.0.40219.1
Project("{FAE04EC0-301F-11D3-BF4B-00C04F79EFBC}") = "NGClient", "NGClient\NGClient.csproj", "{CDAB65B7-6782-4536-8F39-30AFDC68F8AE}"
EndProject
Global
	GlobalSection(SolutionConfigurationPlatforms) = preSolution
		Debug|Any CPU = Debug|Any CPU
		Release|Any CPU = Release|Any CPU
	EndGlobalSection
	GlobalSection(ProjectConfigurationPlatforms) = postSolution
		{CDAB65B7-6782-4536-8F39-30AFDC68F8AE}.Debug|Any CPU.ActiveCfg = Debug|Any CPU
		{CDAB65B7-6782-4536-8F39-30AFDC68F8AE}.Debug|Any CPU.Build.0 = Debug|Any CPU
		{CDAB65B7-6782-4536-8F39-30AFDC68F8AE}.Release|Any CPU.ActiveCfg = Release|Any CPU
		{CDAB65B7-6782-4536-8F39-30AFDC68F8AE}.Release|Any CPU.Build.0 = Release|Any CPU
	EndGlobalSection
	GlobalSection(SolutionProperties) = preSolution
		HideSolutionNode = FALSE
	EndGlobalSection
	GlobalSection(ExtensibilityGlobals) = postSolution
		SolutionGuid = {76DACE11-764E-48F0-94D0-FF5B62F33DDF}
	EndGlobalSection
EndGlobal
